// !$*UTF8*$!
{
	archiveVersion = 1;
	classes = {
	};
	objectVersion = 50;
	objects = {

/* Begin PBXBuildFile section */
		F004291723EF478600BD6105 /* AppDelegate.swift in Sources */ = {isa = PBXBuildFile; fileRef = F004291623EF478600BD6105 /* AppDelegate.swift */; };
		F004291923EF478600BD6105 /* SceneDelegate.swift in Sources */ = {isa = PBXBuildFile; fileRef = F004291823EF478600BD6105 /* SceneDelegate.swift */; };
		F004291B23EF478600BD6105 /* ViewController.swift in Sources */ = {isa = PBXBuildFile; fileRef = F004291A23EF478600BD6105 /* ViewController.swift */; };
		F004291E23EF478600BD6105 /* Main.storyboard in Resources */ = {isa = PBXBuildFile; fileRef = F004291C23EF478600BD6105 /* Main.storyboard */; };
		F004292023EF478C00BD6105 /* Assets.xcassets in Resources */ = {isa = PBXBuildFile; fileRef = F004291F23EF478C00BD6105 /* Assets.xcassets */; };
		F004292323EF478C00BD6105 /* LaunchScreen.storyboard in Resources */ = {isa = PBXBuildFile; fileRef = F004292123EF478C00BD6105 /* LaunchScreen.storyboard */; };
		F004292E23EF478D00BD6105 /* FlashcardsTests.swift in Sources */ = {isa = PBXBuildFile; fileRef = F004292D23EF478D00BD6105 /* FlashcardsTests.swift */; };
		F004293923EF478D00BD6105 /* FlashcardsUITests.swift in Sources */ = {isa = PBXBuildFile; fileRef = F004293823EF478D00BD6105 /* FlashcardsUITests.swift */; };
/* End PBXBuildFile section */

/* Begin PBXContainerItemProxy section */
		F004292A23EF478D00BD6105 /* PBXContainerItemProxy */ = {
			isa = PBXContainerItemProxy;
			containerPortal = F004290B23EF478600BD6105 /* Project object */;
			proxyType = 1;
			remoteGlobalIDString = F004291223EF478600BD6105;
			remoteInfo = Flashcards;
		};
		F004293523EF478D00BD6105 /* PBXContainerItemProxy */ = {
			isa = PBXContainerItemProxy;
			containerPortal = F004290B23EF478600BD6105 /* Project object */;
			proxyType = 1;
			remoteGlobalIDString = F004291223EF478600BD6105;
			remoteInfo = Flashcards;
		};
/* End PBXContainerItemProxy section */

/* Begin PBXFileReference section */
		F004291323EF478600BD6105 /* Flashcards.app */ = {isa = PBXFileReference; explicitFileType = wrapper.application; includeInIndex = 0; path = Flashcards.app; sourceTree = BUILT_PRODUCTS_DIR; };
		F004291623EF478600BD6105 /* AppDelegate.swift */ = {isa = PBXFileReference; lastKnownFileType = sourcecode.swift; path = AppDelegate.swift; sourceTree = "<group>"; };
		F004291823EF478600BD6105 /* SceneDelegate.swift */ = {isa = PBXFileReference; lastKnownFileType = sourcecode.swift; path = SceneDelegate.swift; sourceTree = "<group>"; };
		F004291A23EF478600BD6105 /* ViewController.swift */ = {isa = PBXFileReference; lastKnownFileType = sourcecode.swift; path = ViewController.swift; sourceTree = "<group>"; };
		F004291D23EF478600BD6105 /* Base */ = {isa = PBXFileReference; lastKnownFileType = file.storyboard; name = Base; path = Base.lproj/Main.storyboard; sourceTree = "<group>"; };
		F004291F23EF478C00BD6105 /* Assets.xcassets */ = {isa = PBXFileReference; lastKnownFileType = folder.assetcatalog; path = Assets.xcassets; sourceTree = "<group>"; };
		F004292223EF478C00BD6105 /* Base */ = {isa = PBXFileReference; lastKnownFileType = file.storyboard; name = Base; path = Base.lproj/LaunchScreen.storyboard; sourceTree = "<group>"; };
		F004292423EF478C00BD6105 /* Info.plist */ = {isa = PBXFileReference; lastKnownFileType = text.plist.xml; path = Info.plist; sourceTree = "<group>"; };
		F004292923EF478D00BD6105 /* FlashcardsTests.xctest */ = {isa = PBXFileReference; explicitFileType = wrapper.cfbundle; includeInIndex = 0; path = FlashcardsTests.xctest; sourceTree = BUILT_PRODUCTS_DIR; };
		F004292D23EF478D00BD6105 /* FlashcardsTests.swift */ = {isa = PBXFileReference; lastKnownFileType = sourcecode.swift; path = FlashcardsTests.swift; sourceTree = "<group>"; };
		F004292F23EF478D00BD6105 /* Info.plist */ = {isa = PBXFileReference; lastKnownFileType = text.plist.xml; path = Info.plist; sourceTree = "<group>"; };
		F004293423EF478D00BD6105 /* FlashcardsUITests.xctest */ = {isa = PBXFileReference; explicitFileType = wrapper.cfbundle; includeInIndex = 0; path = FlashcardsUITests.xctest; sourceTree = BUILT_PRODUCTS_DIR; };
		F004293823EF478D00BD6105 /* FlashcardsUITests.swift */ = {isa = PBXFileReference; lastKnownFileType = sourcecode.swift; path = FlashcardsUITests.swift; sourceTree = "<group>"; };
		F004293A23EF478D00BD6105 /* Info.plist */ = {isa = PBXFileReference; lastKnownFileType = text.plist.xml; path = Info.plist; sourceTree = "<group>"; };
/* End PBXFileReference section */

/* Begin PBXFrameworksBuildPhase section */
		F004291023EF478600BD6105 /* Frameworks */ = {
			isa = PBXFrameworksBuildPhase;
			buildActionMask = 2147483647;
			files = (
			);
			runOnlyForDeploymentPostprocessing = 0;
		};
		F004292623EF478D00BD6105 /* Frameworks */ = {
			isa = PBXFrameworksBuildPhase;
			buildActionMask = 2147483647;
			files = (
			);
			runOnlyForDeploymentPostprocessing = 0;
		};
		F004293123EF478D00BD6105 /* Frameworks */ = {
			isa = PBXFrameworksBuildPhase;
			buildActionMask = 2147483647;
			files = (
			);
			runOnlyForDeploymentPostprocessing = 0;
		};
/* End PBXFrameworksBuildPhase section */

/* Begin PBXGroup section */
		F004290A23EF478600BD6105 = {
			isa = PBXGroup;
			children = (
				F004291523EF478600BD6105 /* Flashcards */,
				F004292C23EF478D00BD6105 /* FlashcardsTests */,
				F004293723EF478D00BD6105 /* FlashcardsUITests */,
				F004291423EF478600BD6105 /* Products */,
			);
			sourceTree = "<group>";
		};
		F004291423EF478600BD6105 /* Products */ = {
			isa = PBXGroup;
			children = (
				F004291323EF478600BD6105 /* Flashcards.app */,
				F004292923EF478D00BD6105 /* FlashcardsTests.xctest */,
				F004293423EF478D00BD6105 /* FlashcardsUITests.xctest */,
			);
			name = Products;
			sourceTree = "<group>";
		};
		F004291523EF478600BD6105 /* Flashcards */ = {
			isa = PBXGroup;
			children = (
				F004291623EF478600BD6105 /* AppDelegate.swift */,
				F004291823EF478600BD6105 /* SceneDelegate.swift */,
				F004291A23EF478600BD6105 /* ViewController.swift */,
				F004291C23EF478600BD6105 /* Main.storyboard */,
				F004291F23EF478C00BD6105 /* Assets.xcassets */,
				F004292123EF478C00BD6105 /* LaunchScreen.storyboard */,
				F004292423EF478C00BD6105 /* Info.plist */,
			);
			path = Flashcards;
			sourceTree = "<group>";
		};
		F004292C23EF478D00BD6105 /* FlashcardsTests */ = {
			isa = PBXGroup;
			children = (
				F004292D23EF478D00BD6105 /* FlashcardsTests.swift */,
				F004292F23EF478D00BD6105 /* Info.plist */,
			);
			path = FlashcardsTests;
			sourceTree = "<group>";
		};
		F004293723EF478D00BD6105 /* FlashcardsUITests */ = {
			isa = PBXGroup;
			children = (
				F004293823EF478D00BD6105 /* FlashcardsUITests.swift */,
				F004293A23EF478D00BD6105 /* Info.plist */,
			);
			path = FlashcardsUITests;
			sourceTree = "<group>";
		};
/* End PBXGroup section */

/* Begin PBXNativeTarget section */
		F004291223EF478600BD6105 /* Flashcards */ = {
			isa = PBXNativeTarget;
			buildConfigurationList = F004293D23EF478D00BD6105 /* Build configuration list for PBXNativeTarget "Flashcards" */;
			buildPhases = (
				F004290F23EF478600BD6105 /* Sources */,
				F004291023EF478600BD6105 /* Frameworks */,
				F004291123EF478600BD6105 /* Resources */,
			);
			buildRules = (
			);
			dependencies = (
			);
			name = Flashcards;
			productName = Flashcards;
			productReference = F004291323EF478600BD6105 /* Flashcards.app */;
			productType = "com.apple.product-type.application";
		};
		F004292823EF478D00BD6105 /* FlashcardsTests */ = {
			isa = PBXNativeTarget;
			buildConfigurationList = F004294023EF478D00BD6105 /* Build configuration list for PBXNativeTarget "FlashcardsTests" */;
			buildPhases = (
				F004292523EF478D00BD6105 /* Sources */,
				F004292623EF478D00BD6105 /* Frameworks */,
				F004292723EF478D00BD6105 /* Resources */,
			);
			buildRules = (
			);
			dependencies = (
				F004292B23EF478D00BD6105 /* PBXTargetDependency */,
			);
			name = FlashcardsTests;
			productName = FlashcardsTests;
			productReference = F004292923EF478D00BD6105 /* FlashcardsTests.xctest */;
			productType = "com.apple.product-type.bundle.unit-test";
		};
		F004293323EF478D00BD6105 /* FlashcardsUITests */ = {
			isa = PBXNativeTarget;
			buildConfigurationList = F004294323EF478D00BD6105 /* Build configuration list for PBXNativeTarget "FlashcardsUITests" */;
			buildPhases = (
				F004293023EF478D00BD6105 /* Sources */,
				F004293123EF478D00BD6105 /* Frameworks */,
				F004293223EF478D00BD6105 /* Resources */,
			);
			buildRules = (
			);
			dependencies = (
				F004293623EF478D00BD6105 /* PBXTargetDependency */,
			);
			name = FlashcardsUITests;
			productName = FlashcardsUITests;
			productReference = F004293423EF478D00BD6105 /* FlashcardsUITests.xctest */;
			productType = "com.apple.product-type.bundle.ui-testing";
		};
/* End PBXNativeTarget section */

/* Begin PBXProject section */
		F004290B23EF478600BD6105 /* Project object */ = {
			isa = PBXProject;
			attributes = {
				LastSwiftUpdateCheck = 1130;
				LastUpgradeCheck = 1130;
				ORGANIZATIONNAME = CodePath;
				TargetAttributes = {
					F004291223EF478600BD6105 = {
						CreatedOnToolsVersion = 11.3.1;
					};
					F004292823EF478D00BD6105 = {
						CreatedOnToolsVersion = 11.3.1;
						TestTargetID = F004291223EF478600BD6105;
					};
					F004293323EF478D00BD6105 = {
						CreatedOnToolsVersion = 11.3.1;
						TestTargetID = F004291223EF478600BD6105;
					};
				};
			};
			buildConfigurationList = F004290E23EF478600BD6105 /* Build configuration list for PBXProject "Flashcards" */;
			compatibilityVersion = "Xcode 9.3";
			developmentRegion = en;
			hasScannedForEncodings = 0;
			knownRegions = (
				en,
				Base,
			);
			mainGroup = F004290A23EF478600BD6105;
			productRefGroup = F004291423EF478600BD6105 /* Products */;
			projectDirPath = "";
			projectRoot = "";
			targets = (
				F004291223EF478600BD6105 /* Flashcards */,
				F004292823EF478D00BD6105 /* FlashcardsTests */,
				F004293323EF478D00BD6105 /* FlashcardsUITests */,
			);
		};
/* End PBXProject section */

/* Begin PBXResourcesBuildPhase section */
		F004291123EF478600BD6105 /* Resources */ = {
			isa = PBXResourcesBuildPhase;
			buildActionMask = 2147483647;
			files = (
				F004292323EF478C00BD6105 /* LaunchScreen.storyboard in Resources */,
				F004292023EF478C00BD6105 /* Assets.xcassets in Resources */,
				F004291E23EF478600BD6105 /* Main.storyboard in Resources */,
			);
			runOnlyForDeploymentPostprocessing = 0;
		};
		F004292723EF478D00BD6105 /* Resources */ = {
			isa = PBXResourcesBuildPhase;
			buildActionMask = 2147483647;
			files = (
			);
			runOnlyForDeploymentPostprocessing = 0;
		};
		F004293223EF478D00BD6105 /* Resources */ = {
			isa = PBXResourcesBuildPhase;
			buildActionMask = 2147483647;
			files = (
			);
			runOnlyForDeploymentPostprocessing = 0;
		};
/* End PBXResourcesBuildPhase section */

/* Begin PBXSourcesBuildPhase section */
		F004290F23EF478600BD6105 /* Sources */ = {
			isa = PBXSourcesBuildPhase;
			buildActionMask = 2147483647;
			files = (
				F004291B23EF478600BD6105 /* ViewController.swift in Sources */,
				F004291723EF478600BD6105 /* AppDelegate.swift in Sources */,
				F004291923EF478600BD6105 /* SceneDelegate.swift in Sources */,
			);
			runOnlyForDeploymentPostprocessing = 0;
		};
		F004292523EF478D00BD6105 /* Sources */ = {
			isa = PBXSourcesBuildPhase;
			buildActionMask = 2147483647;
			files = (
				F004292E23EF478D00BD6105 /* FlashcardsTests.swift in Sources */,
			);
			runOnlyForDeploymentPostprocessing = 0;
		};
		F004293023EF478D00BD6105 /* Sources */ = {
			isa = PBXSourcesBuildPhase;
			buildActionMask = 2147483647;
			files = (
				F004293923EF478D00BD6105 /* FlashcardsUITests.swift in Sources */,
			);
			runOnlyForDeploymentPostprocessing = 0;
		};
/* End PBXSourcesBuildPhase section */

/* Begin PBXTargetDependency section */
		F004292B23EF478D00BD6105 /* PBXTargetDependency */ = {
			isa = PBXTargetDependency;
			target = F004291223EF478600BD6105 /* Flashcards */;
			targetProxy = F004292A23EF478D00BD6105 /* PBXContainerItemProxy */;
		};
		F004293623EF478D00BD6105 /* PBXTargetDependency */ = {
			isa = PBXTargetDependency;
			target = F004291223EF478600BD6105 /* Flashcards */;
			targetProxy = F004293523EF478D00BD6105 /* PBXContainerItemProxy */;
		};
/* End PBXTargetDependency section */

/* Begin PBXVariantGroup section */
		F004291C23EF478600BD6105 /* Main.storyboard */ = {
			isa = PBXVariantGroup;
			children = (
				F004291D23EF478600BD6105 /* Base */,
			);
			name = Main.storyboard;
			sourceTree = "<group>";
		};
		F004292123EF478C00BD6105 /* LaunchScreen.storyboard */ = {
			isa = PBXVariantGroup;
			children = (
				F004292223EF478C00BD6105 /* Base */,
			);
			name = LaunchScreen.storyboard;
			sourceTree = "<group>";
		};
/* End PBXVariantGroup section */

/* Begin XCBuildConfiguration section */
		F004293B23EF478D00BD6105 /* Debug */ = {
			isa = XCBuildConfiguration;
			buildSettings = {
				ALWAYS_SEARCH_USER_PATHS = NO;
				CLANG_ANALYZER_NONNULL = YES;
				CLANG_ANALYZER_NUMBER_OBJECT_CONVERSION = YES_AGGRESSIVE;
				CLANG_CXX_LANGUAGE_STANDARD = "gnu++14";
				CLANG_CXX_LIBRARY = "libc++";
				CLANG_ENABLE_MODULES = YES;
				CLANG_ENABLE_OBJC_ARC = YES;
				CLANG_ENABLE_OBJC_WEAK = YES;
				CLANG_WARN_BLOCK_CAPTURE_AUTORELEASING = YES;
				CLANG_WARN_BOOL_CONVERSION = YES;
				CLANG_WARN_COMMA = YES;
				CLANG_WARN_CONSTANT_CONVERSION = YES;
				CLANG_WARN_DEPRECATED_OBJC_IMPLEMENTATIONS = YES;
				CLANG_WARN_DIRECT_OBJC_ISA_USAGE = YES_ERROR;
				CLANG_WARN_DOCUMENTATION_COMMENTS = YES;
				CLANG_WARN_EMPTY_BODY = YES;
				CLANG_WARN_ENUM_CONVERSION = YES;
				CLANG_WARN_INFINITE_RECURSION = YES;
				CLANG_WARN_INT_CONVERSION = YES;
				CLANG_WARN_NON_LITERAL_NULL_CONVERSION = YES;
				CLANG_WARN_OBJC_IMPLICIT_RETAIN_SELF = YES;
				CLANG_WARN_OBJC_LITERAL_CONVERSION = YES;
				CLANG_WARN_OBJC_ROOT_CLASS = YES_ERROR;
				CLANG_WARN_RANGE_LOOP_ANALYSIS = YES;
				CLANG_WARN_STRICT_PROTOTYPES = YES;
				CLANG_WARN_SUSPICIOUS_MOVE = YES;
				CLANG_WARN_UNGUARDED_AVAILABILITY = YES_AGGRESSIVE;
				CLANG_WARN_UNREACHABLE_CODE = YES;
				CLANG_WARN__DUPLICATE_METHOD_MATCH = YES;
				COPY_PHASE_STRIP = NO;
				DEBUG_INFORMATION_FORMAT = dwarf;
				ENABLE_STRICT_OBJC_MSGSEND = YES;
				ENABLE_TESTABILITY = YES;
				GCC_C_LANGUAGE_STANDARD = gnu11;
				GCC_DYNAMIC_NO_PIC = NO;
				GCC_NO_COMMON_BLOCKS = YES;
				GCC_OPTIMIZATION_LEVEL = 0;
				GCC_PREPROCESSOR_DEFINITIONS = (
					"DEBUG=1",
					"$(inherited)",
				);
				GCC_WARN_64_TO_32_BIT_CONVERSION = YES;
				GCC_WARN_ABOUT_RETURN_TYPE = YES_ERROR;
				GCC_WARN_UNDECLARED_SELECTOR = YES;
				GCC_WARN_UNINITIALIZED_AUTOS = YES_AGGRESSIVE;
				GCC_WARN_UNUSED_FUNCTION = YES;
				GCC_WARN_UNUSED_VARIABLE = YES;
				IPHONEOS_DEPLOYMENT_TARGET = 13.2;
				MTL_ENABLE_DEBUG_INFO = INCLUDE_SOURCE;
				MTL_FAST_MATH = YES;
				ONLY_ACTIVE_ARCH = YES;
				SDKROOT = iphoneos;
				SWIFT_ACTIVE_COMPILATION_CONDITIONS = DEBUG;
				SWIFT_OPTIMIZATION_LEVEL = "-Onone";
			};
			name = Debug;
		};
		F004293C23EF478D00BD6105 /* Release */ = {
			isa = XCBuildConfiguration;
			buildSettings = {
				ALWAYS_SEARCH_USER_PATHS = NO;
				CLANG_ANALYZER_NONNULL = YES;
				CLANG_ANALYZER_NUMBER_OBJECT_CONVERSION = YES_AGGRESSIVE;
				CLANG_CXX_LANGUAGE_STANDARD = "gnu++14";
				CLANG_CXX_LIBRARY = "libc++";
				CLANG_ENABLE_MODULES = YES;
				CLANG_ENABLE_OBJC_ARC = YES;
				CLANG_ENABLE_OBJC_WEAK = YES;
				CLANG_WARN_BLOCK_CAPTURE_AUTORELEASING = YES;
				CLANG_WARN_BOOL_CONVERSION = YES;
				CLANG_WARN_COMMA = YES;
				CLANG_WARN_CONSTANT_CONVERSION = YES;
				CLANG_WARN_DEPRECATED_OBJC_IMPLEMENTATIONS = YES;
				CLANG_WARN_DIRECT_OBJC_ISA_USAGE = YES_ERROR;
				CLANG_WARN_DOCUMENTATION_COMMENTS = YES;
				CLANG_WARN_EMPTY_BODY = YES;
				CLANG_WARN_ENUM_CONVERSION = YES;
				CLANG_WARN_INFINITE_RECURSION = YES;
				CLANG_WARN_INT_CONVERSION = YES;
				CLANG_WARN_NON_LITERAL_NULL_CONVERSION = YES;
				CLANG_WARN_OBJC_IMPLICIT_RETAIN_SELF = YES;
				CLANG_WARN_OBJC_LITERAL_CONVERSION = YES;
				CLANG_WARN_OBJC_ROOT_CLASS = YES_ERROR;
				CLANG_WARN_RANGE_LOOP_ANALYSIS = YES;
				CLANG_WARN_STRICT_PROTOTYPES = YES;
				CLANG_WARN_SUSPICIOUS_MOVE = YES;
				CLANG_WARN_UNGUARDED_AVAILABILITY = YES_AGGRESSIVE;
				CLANG_WARN_UNREACHABLE_CODE = YES;
				CLANG_WARN__DUPLICATE_METHOD_MATCH = YES;
				COPY_PHASE_STRIP = NO;
				DEBUG_INFORMATION_FORMAT = "dwarf-with-dsym";
				ENABLE_NS_ASSERTIONS = NO;
				ENABLE_STRICT_OBJC_MSGSEND = YES;
				GCC_C_LANGUAGE_STANDARD = gnu11;
				GCC_NO_COMMON_BLOCKS = YES;
				GCC_WARN_64_TO_32_BIT_CONVERSION = YES;
				GCC_WARN_ABOUT_RETURN_TYPE = YES_ERROR;
				GCC_WARN_UNDECLARED_SELECTOR = YES;
				GCC_WARN_UNINITIALIZED_AUTOS = YES_AGGRESSIVE;
				GCC_WARN_UNUSED_FUNCTION = YES;
				GCC_WARN_UNUSED_VARIABLE = YES;
				IPHONEOS_DEPLOYMENT_TARGET = 13.2;
				MTL_ENABLE_DEBUG_INFO = NO;
				MTL_FAST_MATH = YES;
				SDKROOT = iphoneos;
				SWIFT_COMPILATION_MODE = wholemodule;
				SWIFT_OPTIMIZATION_LEVEL = "-O";
				VALIDATE_PRODUCT = YES;
			};
			name = Release;
		};
		F004293E23EF478D00BD6105 /* Debug */ = {
			isa = XCBuildConfiguration;
			buildSettings = {
				ASSETCATALOG_COMPILER_APPICON_NAME = AppIcon;
				CODE_SIGN_STYLE = Automatic;
				INFOPLIST_FILE = Flashcards/Info.plist;
				LD_RUNPATH_SEARCH_PATHS = (
					"$(inherited)",
					"@executable_path/Frameworks",
				);
				PRODUCT_BUNDLE_IDENTIFIER = "com.mina-kim.Flashcards";
				PRODUCT_NAME = "$(TARGET_NAME)";
				SWIFT_VERSION = 5.0;
				TARGETED_DEVICE_FAMILY = "1,2";
			};
			name = Debug;
		};
		F004293F23EF478D00BD6105 /* Release */ = {
			isa = XCBuildConfiguration;
			buildSettings = {
				ASSETCATALOG_COMPILER_APPICON_NAME = AppIcon;
				CODE_SIGN_STYLE = Automatic;
				INFOPLIST_FILE = Flashcards/Info.plist;
				LD_RUNPATH_SEARCH_PATHS = (
					"$(inherited)",
					"@executable_path/Frameworks",
				);
				PRODUCT_BUNDLE_IDENTIFIER = "com.mina-kim.Flashcards";
				PRODUCT_NAME = "$(TARGET_NAME)";
				SWIFT_VERSION = 5.0;
				TARGETED_DEVICE_FAMILY = "1,2";
			};
			name = Release;
		};
		F004294123EF478D00BD6105 /* Debug */ = {
			isa = XCBuildConfiguration;
			buildSettings = {
				ALWAYS_EMBED_SWIFT_STANDARD_LIBRARIES = YES;
				BUNDLE_LOADER = "$(TEST_HOST)";
				CODE_SIGN_STYLE = Automatic;
				INFOPLIST_FILE = FlashcardsTests/Info.plist;
				IPHONEOS_DEPLOYMENT_TARGET = 13.2;
				LD_RUNPATH_SEARCH_PATHS = (
					"$(inherited)",
					"@executable_path/Frameworks",
					"@loader_path/Frameworks",
				);
				PRODUCT_BUNDLE_IDENTIFIER = "com.mina-kim.FlashcardsTests";
				PRODUCT_NAME = "$(TARGET_NAME)";
				SWIFT_VERSION = 5.0;
				TARGETED_DEVICE_FAMILY = "1,2";
				TEST_HOST = "$(BUILT_PRODUCTS_DIR)/Flashcards.app/Flashcards";
			};
			name = Debug;
		};
		F004294223EF478D00BD6105 /* Release */ = {
			isa = XCBuildConfiguration;
			buildSettings = {
				ALWAYS_EMBED_SWIFT_STANDARD_LIBRARIES = YES;
				BUNDLE_LOADER = "$(TEST_HOST)";
				CODE_SIGN_STYLE = Automatic;
				INFOPLIST_FILE = FlashcardsTests/Info.plist;
				IPHONEOS_DEPLOYMENT_TARGET = 13.2;
				LD_RUNPATH_SEARCH_PATHS = (
					"$(inherited)",
					"@executable_path/Frameworks",
					"@loader_path/Frameworks",
				);
				PRODUCT_BUNDLE_IDENTIFIER = "com.mina-kim.FlashcardsTests";
				PRODUCT_NAME = "$(TARGET_NAME)";
				SWIFT_VERSION = 5.0;
				TARGETED_DEVICE_FAMILY = "1,2";
				TEST_HOST = "$(BUILT_PRODUCTS_DIR)/Flashcards.app/Flashcards";
			};
			name = Release;
		};
		F004294423EF478D00BD6105 /* Debug */ = {
			isa = XCBuildConfiguration;
			buildSettings = {
				ALWAYS_EMBED_SWIFT_STANDARD_LIBRARIES = YES;
				CODE_SIGN_STYLE = Automatic;
				INFOPLIST_FILE = FlashcardsUITests/Info.plist;
				LD_RUNPATH_SEARCH_PATHS = (
					"$(inherited)",
					"@executable_path/Frameworks",
					"@loader_path/Frameworks",
				);
				PRODUCT_BUNDLE_IDENTIFIER = "com.mina-kim.FlashcardsUITests";
				PRODUCT_NAME = "$(TARGET_NAME)";
				SWIFT_VERSION = 5.0;
				TARGETED_DEVICE_FAMILY = "1,2";
				TEST_TARGET_NAME = Flashcards;
			};
			name = Debug;
		};
		F004294523EF478D00BD6105 /* Release */ = {
			isa = XCBuildConfiguration;
			buildSettings = {
				ALWAYS_EMBED_SWIFT_STANDARD_LIBRARIES = YES;
				CODE_SIGN_STYLE = Automatic;
				INFOPLIST_FILE = FlashcardsUITests/Info.plist;
				LD_RUNPATH_SEARCH_PATHS = (
					"$(inherited)",
					"@executable_path/Frameworks",
					"@loader_path/Frameworks",
				);
				PRODUCT_BUNDLE_IDENTIFIER = "com.mina-kim.FlashcardsUITests";
				PRODUCT_NAME = "$(TARGET_NAME)";
				SWIFT_VERSION = 5.0;
				TARGETED_DEVICE_FAMILY = "1,2";
				TEST_TARGET_NAME = Flashcards;
			};
			name = Release;
		};
/* End XCBuildConfiguration section */

/* Begin XCConfigurationList section */
		F004290E23EF478600BD6105 /* Build configuration list for PBXProject "Flashcards" */ = {
			isa = XCConfigurationList;
			buildConfigurations = (
				F004293B23EF478D00BD6105 /* Debug */,
				F004293C23EF478D00BD6105 /* Release */,
			);
			defaultConfigurationIsVisible = 0;
			defaultConfigurationName = Release;
		};
		F004293D23EF478D00BD6105 /* Build configuration list for PBXNativeTarget "Flashcards" */ = {
			isa = XCConfigurationList;
			buildConfigurations = (
				F004293E23EF478D00BD6105 /* Debug */,
				F004293F23EF478D00BD6105 /* Release */,
			);
			defaultConfigurationIsVisible = 0;
			defaultConfigurationName = Release;
		};
		F004294023EF478D00BD6105 /* Build configuration list for PBXNativeTarget "FlashcardsTests" */ = {
			isa = XCConfigurationList;
			buildConfigurations = (
				F004294123EF478D00BD6105 /* Debug */,
				F004294223EF478D00BD6105 /* Release */,
			);
			defaultConfigurationIsVisible = 0;
			defaultConfigurationName = Release;
		};
		F004294323EF478D00BD6105 /* Build configuration list for PBXNativeTarget "FlashcardsUITests" */ = {
			isa = XCConfigurationList;
			buildConfigurations = (
				F004294423EF478D00BD6105 /* Debug */,
				F004294523EF478D00BD6105 /* Release */,
			);
			defaultConfigurationIsVisible = 0;
			defaultConfigurationName = Release;
		};
/* End XCConfigurationList section */
	};
	rootObject = F004290B23EF478600BD6105 /* Project object */;
}
